PODS:
  - FSCalendar (2.8.4)
  - Realm (10.50.1):
    - Realm/Headers (= 10.50.1)
  - Realm/Headers (10.50.1)
  - RealmSwift (10.50.1):
    - Realm (= 10.50.1)

DEPENDENCIES:
  - FSCalendar
  - RealmSwift (~> 10)

SPEC REPOS:
  trunk:
    - FSCalendar
    - Realm
    - RealmSwift

SPEC CHECKSUMS:
  FSCalendar: 2d1d0d9398f12d439f55c1fe0f01525b151b8260
  Realm: 36bc9fe2681d7cf234aa487e7990821c772206a2
  RealmSwift: 84a370d3d4f191d327a9f8ade1f064a274f79847

PODFILE CHECKSUM: 45cf1473bacd41303606daf469dd2eae27d7cd45

COCOAPODS: 1.15.2
